{
  "version": 4,
  "terraform_version": "0.12.29",
  "serial": 16,
  "lineage": "f524fb72-e95a-b3d1-efe0-a2e9c83b40c3",
  "outputs": {
    "group_name": {
      "value": "sysadmin2",
      "type": "string"
    },
    "this_assumable_roles": {
      "value": [
        "arn:aws:iam::aws:policy/job-function/DatabaseAdministrator"
      ],
      "type": [
        "list",
        "string"
      ]
    },
    "this_group_users": {
      "value": [],
      "type": [
        "tuple",
        []
      ]
    },
    "this_policy_arn": {
      "value": "arn:aws:iam::359042768569:policy/sysadmin2",
      "type": "string"
    }
  },
  "resources": [
    {
      "mode": "data",
      "type": "aws_iam_policy_document",
      "name": "assume_role",
      "provider": "provider.aws",
      "instances": [
        {
          "schema_version": 0,
          "attributes": {
            "id": "3929822316",
            "json": "{\n  \"Version\": \"2012-10-17\",\n  \"Statement\": [\n    {\n      \"Sid\": \"\",\n      \"Effect\": \"Allow\",\n      \"Action\": \"sts:AssumeRole\",\n      \"Resource\": \"arn:aws:iam::aws:policy/job-function/DatabaseAdministrator\"\n    }\n  ]\n}",
            "override_json": null,
            "policy_id": null,
            "source_json": null,
            "statement": [
              {
                "actions": [
                  "sts:AssumeRole"
                ],
                "condition": [],
                "effect": "Allow",
                "not_actions": [],
                "not_principals": [],
                "not_resources": [],
                "principals": [],
                "resources": [
                  "arn:aws:iam::aws:policy/job-function/DatabaseAdministrator"
                ],
                "sid": ""
              }
            ],
            "version": "2012-10-17"
          }
        }
      ]
    },
    {
      "mode": "managed",
      "type": "aws_iam_group",
      "name": "this",
      "provider": "provider.aws",
      "instances": [
        {
          "schema_version": 0,
          "attributes": {
            "arn": "arn:aws:iam::359042768569:group/sysadmin2",
            "id": "sysadmin2",
            "name": "sysadmin2",
            "path": "/",
            "unique_id": "AGPAVHGE5324XJ2MLHNDQ"
          },
          "private": "bnVsbA=="
        }
      ]
    },
    {
      "mode": "managed",
      "type": "aws_iam_group_membership",
      "name": "this",
      "each": "list",
      "provider": "provider.aws",
      "instances": []
    },
    {
      "mode": "managed",
      "type": "aws_iam_group_policy_attachment",
      "name": "this",
      "provider": "provider.aws",
      "instances": [
        {
          "schema_version": 0,
          "attributes": {
            "group": "sysadmin2",
            "id": "sysadmin2-20200904204110634500000001",
            "policy_arn": "arn:aws:iam::359042768569:policy/sysadmin2"
          },
          "private": "bnVsbA==",
          "dependencies": [
            "aws_iam_group.this",
            "aws_iam_policy.this"
          ]
        }
      ]
    },
    {
      "mode": "managed",
      "type": "aws_iam_policy",
      "name": "this",
      "provider": "provider.aws",
      "instances": [
        {
          "schema_version": 0,
          "attributes": {
            "arn": "arn:aws:iam::359042768569:policy/sysadmin2",
            "description": "Allows to assume role in another AWS account",
            "id": "arn:aws:iam::359042768569:policy/sysadmin2",
            "name": "sysadmin2",
            "name_prefix": null,
            "path": "/",
            "policy": "{\n  \"Version\": \"2012-10-17\",\n  \"Statement\": [\n    {\n      \"Sid\": \"\",\n      \"Effect\": \"Allow\",\n      \"Action\": \"sts:AssumeRole\",\n      \"Resource\": \"arn:aws:iam::aws:policy/job-function/DatabaseAdministrator\"\n    }\n  ]\n}"
          },
          "private": "bnVsbA=="
        }
      ]
    }
  ]
}
