{
  "version": 4,
  "terraform_version": "0.12.29",
  "serial": 3,
  "lineage": "fd2954bb-8ff6-ea08-d64a-8032d5eaaa18",
  "outputs": {
    "this_caller_identity_account_id": {
      "value": "359042768569",
      "type": "string"
    },
    "this_caller_identity_arn": {
      "value": "arn:aws:iam::359042768569:user/admin",
      "type": "string"
    },
    "this_caller_identity_user_id": {
      "value": "AIDAVHGE5324SGCXXCQNJ",
      "type": "string"
    },
    "this_iam_account_password_policy_expire_passwords": {
      "value": true,
      "type": "bool"
    }
  },
  "resources": [
    {
      "mode": "data",
      "type": "aws_caller_identity",
      "name": "this",
      "each": "list",
      "provider": "provider.aws",
      "instances": [
        {
          "index_key": 0,
          "schema_version": 0,
          "attributes": {
            "account_id": "359042768569",
            "arn": "arn:aws:iam::359042768569:user/admin",
            "id": "2020-09-04 21:19:10.509257 +0000 UTC",
            "user_id": "AIDAVHGE5324SGCXXCQNJ"
          }
        }
      ]
    },
    {
      "mode": "managed",
      "type": "aws_iam_account_alias",
      "name": "this",
      "provider": "provider.aws",
      "instances": [
        {
          "schema_version": 0,
          "attributes": {
            "account_alias": "dbadmin5",
            "id": "dbadmin5"
          },
          "private": "bnVsbA=="
        }
      ]
    },
    {
      "mode": "managed",
      "type": "aws_iam_account_password_policy",
      "name": "this",
      "each": "list",
      "provider": "provider.aws",
      "instances": [
        {
          "index_key": 0,
          "schema_version": 0,
          "attributes": {
            "allow_users_to_change_password": true,
            "expire_passwords": true,
            "hard_expiry": false,
            "id": "iam-account-password-policy",
            "max_password_age": 90,
            "minimum_password_length": 8,
            "password_reuse_prevention": 3,
            "require_lowercase_characters": true,
            "require_numbers": true,
            "require_symbols": true,
            "require_uppercase_characters": true
          },
          "private": "bnVsbA=="
        }
      ]
    }
  ]
}
